
Microsoft Visual Studio Solution File, Format Version 12.00
# Visual Studio Version 17
VisualStudioVersion = 17.8.34511.84
MinimumVisualStudioVersion = 10.0.40219.1
Project("{FAE04EC0-301F-11D3-BF4B-00C04F79EFBC}") = "DI_Service_Lifetime", "DI_Service_Lifetime\DI_Service_Lifetime.csproj", "{673E60EC-4DDD-45C5-BBCA-55D6E38DAE33}"
EndProject
Global
	GlobalSection(SolutionConfigurationPlatforms) = preSolution
		Debug|Any CPU = Debug|Any CPU
		Release|Any CPU = Release|Any CPU
	EndGlobalSection
	GlobalSection(ProjectConfigurationPlatforms) = postSolution
		{673E60EC-4DDD-45C5-BBCA-55D6E38DAE33}.Debug|Any CPU.ActiveCfg = Debug|Any CPU
		{673E60EC-4DDD-45C5-BBCA-55D6E38DAE33}.Debug|Any CPU.Build.0 = Debug|Any CPU
		{673E60EC-4DDD-45C5-BBCA-55D6E38DAE33}.Release|Any CPU.ActiveCfg = Release|Any CPU
		{673E60EC-4DDD-45C5-BBCA-55D6E38DAE33}.Release|Any CPU.Build.0 = Release|Any CPU
	EndGlobalSection
	GlobalSection(SolutionProperties) = preSolution
		HideSolutionNode = FALSE
	EndGlobalSection
	GlobalSection(ExtensibilityGlobals) = postSolution
		SolutionGuid = {16EC77CA-E51A-4038-A8E4-F80B223FE122}
	EndGlobalSection
EndGlobal
